{
  "nodes": {
    "flake-utils": {
      "inputs": {
        "systems": "systems"
      },
      "locked": {
        "lastModified": 1731533236,
        "narHash": "sha256-l0KFg5HjrsfsO/JpG+r7fRrqm12kzFHyUHqHCVpMMbI=",
        "owner": "numtide",
        "repo": "flake-utils",
        "rev": "11707dc2f618dd54ca8739b309ec4fc024de578b",
        "type": "github"
      },
      "original": {
        "owner": "numtide",
        "repo": "flake-utils",
        "type": "github"
      }
    },
    "gitMain": {
      "flake": false,
      "locked": {
        "lastModified": 1781268110,
        "narHash": "sha256-IxRr2GCE3gyGGNq+5CEAGnV5j80dbyVhSXw+2sp7cO4=",
        "owner": "gitster",
        "repo": "git",
        "rev": "ea97ad8d017de0c9037451a78008a0fd60abea0c",
        "type": "github"
      },
      "original": {
        "owner": "gitster",
        "repo": "git",
        "type": "github"
      }
    },
    "gitMaint": {
      "flake": false,
      "locked": {
        "lastModified": 1779334931,
        "narHash": "sha256-8gx5SIvzjXXuMBA+TmdCZAj5DPHH/mLxn9oSl8WqCXE=",
        "owner": "gitster",
        "repo": "git",
        "rev": "a89346e34a937f001e5d397ee62224e3e9852040",
        "type": "github"
      },
      "original": {
        "owner": "gitster",
        "ref": "maint-2.54",
        "repo": "git",
        "type": "github"
      }
    },
    "gitNext": {
      "flake": false,
      "locked": {
        "lastModified": 1781268426,
        "narHash": "sha256-Kye/DyeZ8gYP2SKrkOZ/r6MUdLCkzkSbwB40nsIxIts=",
        "owner": "gitster",
        "repo": "git",
        "rev": "0c8ab3ebcc76981376809c8fe632d0fe18e93347",
        "type": "github"
      },
      "original": {
        "owner": "gitster",
        "ref": "next",
        "repo": "git",
        "type": "github"
      }
    },
    "nixpkgs": {
      "locked": {
        "lastModified": 1781359544,
        "narHash": "sha256-iUuzKQcyXvopYDDzFpMK5eQKP3WIJExYny2kJtbgUcE=",
        "owner": "NixOS",
        "repo": "nixpkgs",
        "rev": "9f11f828c213641c2369a9f1fa31fe31557e3156",
        "type": "github"
      },
      "original": {
        "owner": "NixOS",
        "ref": "nixpkgs-unstable",
        "repo": "nixpkgs",
        "type": "github"
      }
    },
    "root": {
      "inputs": {
        "flake-utils": "flake-utils",
        "gitMain": "gitMain",
        "gitMaint": "gitMaint",
        "gitNext": "gitNext",
        "nixpkgs": "nixpkgs"
      }
    },
    "systems": {
      "locked": {
        "lastModified": 1681028828,
        "narHash": "sha256-Vy1rq5AaRuLzOxct8nz4T6wlgyUR7zLU309k9mBC768=",
        "owner": "nix-systems",
        "repo": "default",
        "rev": "da67096a3b9bf56a91d16901293e51ba5b49a27e",
        "type": "github"
      },
      "original": {
        "owner": "nix-systems",
        "repo": "default",
        "type": "github"
      }
    }
  },
  "root": "root",
  "version": 7
}
